
Microsoft Visual Studio Solution File, Format Version 12.00
# Visual Studio Version 17
VisualStudioVersion = 17.6.33712.159
MinimumVisualStudioVersion = 10.0.40219.1
Project("{FAE04EC0-301F-11D3-BF4B-00C04F79EFBC}") = "AIF", "AIF.csproj", "{2099330B-0975-47EC-A2A1-2CF214826954}"
EndProject
Global
	GlobalSection(SolutionConfigurationPlatforms) = preSolution
		Debug|Any CPU = Debug|Any CPU
		Release|Any CPU = Release|Any CPU
	EndGlobalSection
	GlobalSection(ProjectConfigurationPlatforms) = postSolution
		{2099330B-0975-47EC-A2A1-2CF214826954}.Debug|Any CPU.ActiveCfg = Debug|Any CPU
		{2099330B-0975-47EC-A2A1-2CF214826954}.Debug|Any CPU.Build.0 = Debug|Any CPU
		{2099330B-0975-47EC-A2A1-2CF214826954}.Release|Any CPU.ActiveCfg = Release|Any CPU
		{2099330B-0975-47EC-A2A1-2CF214826954}.Release|Any CPU.Build.0 = Release|Any CPU
	EndGlobalSection
	GlobalSection(SolutionProperties) = preSolution
		HideSolutionNode = FALSE
	EndGlobalSection
	GlobalSection(ExtensibilityGlobals) = postSolution
		SolutionGuid = {508D2A9A-6B22-4A9B-A8C0-C05BADA8FDF9}
	EndGlobalSection
EndGlobal
